
Microsoft Visual Studio Solution File, Format Version 12.00
# Visual Studio 15
VisualStudioVersion = 15.0.27130.2010
MinimumVisualStudioVersion = 10.0.40219.1
Project("{FAE04EC0-301F-11D3-BF4B-00C04F79EFBC}") = "FXM in action", "FXM in action\FXM in action.csproj", "{90E81024-EF22-4A5F-91AE-54985BADC584}"
	ProjectSection(ProjectDependencies) = postProject
		{77D18610-0A3A-4E1D-83B6-099AF56211D8} = {77D18610-0A3A-4E1D-83B6-099AF56211D8}
	EndProjectSection
EndProject
Project("{CAA73BB0-EF22-4D79-A57E-DF67B3BA9C80}") = "TDSMarketingBannerBackup", "TDSMarketingBannerBackup\TDSMarketingBannerBackup.scproj", "{95A14898-0643-449A-80B3-E2B052B4B7C9}"
EndProject
Project("{FAE04EC0-301F-11D3-BF4B-00C04F79EFBC}") = "Views", "Views\Views.csproj", "{F8BA4DE6-F217-4D13-8258-18FAB4D1BBAD}"
EndProject
Project("{FAE04EC0-301F-11D3-BF4B-00C04F79EFBC}") = "UnicornMarketingBanner", "UnicornMarketingBanner\UnicornMarketingBanner.csproj", "{77D18610-0A3A-4E1D-83B6-099AF56211D8}"
EndProject
Global
	GlobalSection(SolutionConfigurationPlatforms) = preSolution
		Debug|Any CPU = Debug|Any CPU
		Release|Any CPU = Release|Any CPU
	EndGlobalSection
	GlobalSection(ProjectConfigurationPlatforms) = postSolution
		{90E81024-EF22-4A5F-91AE-54985BADC584}.Debug|Any CPU.ActiveCfg = Debug|Any CPU
		{90E81024-EF22-4A5F-91AE-54985BADC584}.Debug|Any CPU.Build.0 = Debug|Any CPU
		{90E81024-EF22-4A5F-91AE-54985BADC584}.Release|Any CPU.ActiveCfg = Release|Any CPU
		{90E81024-EF22-4A5F-91AE-54985BADC584}.Release|Any CPU.Build.0 = Release|Any CPU
		{95A14898-0643-449A-80B3-E2B052B4B7C9}.Debug|Any CPU.ActiveCfg = Debug|Any CPU
		{95A14898-0643-449A-80B3-E2B052B4B7C9}.Debug|Any CPU.Build.0 = Debug|Any CPU
		{95A14898-0643-449A-80B3-E2B052B4B7C9}.Debug|Any CPU.Deploy.0 = Debug|Any CPU
		{95A14898-0643-449A-80B3-E2B052B4B7C9}.Release|Any CPU.ActiveCfg = Release|Any CPU
		{95A14898-0643-449A-80B3-E2B052B4B7C9}.Release|Any CPU.Build.0 = Release|Any CPU
		{95A14898-0643-449A-80B3-E2B052B4B7C9}.Release|Any CPU.Deploy.0 = Release|Any CPU
		{F8BA4DE6-F217-4D13-8258-18FAB4D1BBAD}.Debug|Any CPU.ActiveCfg = Debug|Any CPU
		{F8BA4DE6-F217-4D13-8258-18FAB4D1BBAD}.Debug|Any CPU.Build.0 = Debug|Any CPU
		{F8BA4DE6-F217-4D13-8258-18FAB4D1BBAD}.Release|Any CPU.ActiveCfg = Release|Any CPU
		{F8BA4DE6-F217-4D13-8258-18FAB4D1BBAD}.Release|Any CPU.Build.0 = Release|Any CPU
		{77D18610-0A3A-4E1D-83B6-099AF56211D8}.Debug|Any CPU.ActiveCfg = Debug|Any CPU
		{77D18610-0A3A-4E1D-83B6-099AF56211D8}.Debug|Any CPU.Build.0 = Debug|Any CPU
		{77D18610-0A3A-4E1D-83B6-099AF56211D8}.Release|Any CPU.ActiveCfg = Release|Any CPU
		{77D18610-0A3A-4E1D-83B6-099AF56211D8}.Release|Any CPU.Build.0 = Release|Any CPU
	EndGlobalSection
	GlobalSection(SolutionProperties) = preSolution
		HideSolutionNode = FALSE
	EndGlobalSection
	GlobalSection(ExtensibilityGlobals) = postSolution
		SolutionGuid = {A7EA6544-7C12-4655-915C-4B3007A29AC8}
		EnterpriseLibraryConfigurationToolBinariesPathV6 = packages\EnterpriseLibrary.Common.6.0.1304.0\lib\NET45;packages\EnterpriseLibrary.TransientFaultHandling.6.0.1304.0\lib\portable-net45+win+wp8;packages\EnterpriseLibrary.TransientFaultHandling.Caching.6.0.1304.0\lib\NET45;packages\EnterpriseLibrary.TransientFaultHandling.Data.6.0.1304.1\lib\NET45;packages\EnterpriseLibrary.TransientFaultHandling.ServiceBus.6.0.1304.0\lib\NET45;packages\EnterpriseLibrary.TransientFaultHandling.WindowsAzure.Storage.6.0.1304.0\lib\NET45;packages\EnterpriseLibrary.TransientFaultHandling.Configuration.6.0.1304.0\lib\NET45
	EndGlobalSection
EndGlobal
